// !$*UTF8*$!
{
	archiveVersion = 1;
	classes = {
	};
	objectVersion = 56;
	objects = {

/* Begin PBXBuildFile section */
		406164322BDAD9DB00021275 /* P_L_Level_EditorApp.swift in Sources */ = {isa = PBXBuildFile; fileRef = 406164312BDAD9DB00021275 /* P_L_Level_EditorApp.swift */; };
		406164342BDAD9DB00021275 /* ContentView.swift in Sources */ = {isa = PBXBuildFile; fileRef = 406164332BDAD9DB00021275 /* ContentView.swift */; };
		406164362BDAD9DB00021275 /* Item.swift in Sources */ = {isa = PBXBuildFile; fileRef = 406164352BDAD9DB00021275 /* Item.swift */; };
		406164382BDAD9DE00021275 /* Assets.xcassets in Resources */ = {isa = PBXBuildFile; fileRef = 406164372BDAD9DE00021275 /* Assets.xcassets */; };
		4061643B2BDAD9DE00021275 /* Preview Assets.xcassets in Resources */ = {isa = PBXBuildFile; fileRef = 4061643A2BDAD9DE00021275 /* Preview Assets.xcassets */; };
		406164472BDADAEB00021275 /* LevelEditorView.swift in Sources */ = {isa = PBXBuildFile; fileRef = 406164462BDADAEB00021275 /* LevelEditorView.swift */; };
		406164492BDADB0500021275 /* ArrowView.swift in Sources */ = {isa = PBXBuildFile; fileRef = 406164482BDADB0500021275 /* ArrowView.swift */; };
		4061644B2BDADB2000021275 /* NewLevelView.swift in Sources */ = {isa = PBXBuildFile; fileRef = 4061644A2BDADB2000021275 /* NewLevelView.swift */; };
		4061644D2BDADB3F00021275 /* EditLevelView.swift in Sources */ = {isa = PBXBuildFile; fileRef = 4061644C2BDADB3F00021275 /* EditLevelView.swift */; };
		4061644F2BDADB5800021275 /* SoundEditorView.swift in Sources */ = {isa = PBXBuildFile; fileRef = 4061644E2BDADB5800021275 /* SoundEditorView.swift */; };
		406164512BDADB7300021275 /* SavedLevelsView.swift in Sources */ = {isa = PBXBuildFile; fileRef = 406164502BDADB7300021275 /* SavedLevelsView.swift */; };
		406164532BDADB8A00021275 /* AssetsCollectionView.swift in Sources */ = {isa = PBXBuildFile; fileRef = 406164522BDADB8A00021275 /* AssetsCollectionView.swift */; };
		406164552BDADBA600021275 /* AssetsCollectionTypedView.swift in Sources */ = {isa = PBXBuildFile; fileRef = 406164542BDADBA600021275 /* AssetsCollectionTypedView.swift */; };
		406164572BDADBFD00021275 /* SavedLevelsModel.swift in Sources */ = {isa = PBXBuildFile; fileRef = 406164562BDADBFD00021275 /* SavedLevelsModel.swift */; };
		406164592BDADC0900021275 /* GridModel.swift in Sources */ = {isa = PBXBuildFile; fileRef = 406164582BDADC0900021275 /* GridModel.swift */; };
		4061645B2BDADC2800021275 /* GridItemModel.swift in Sources */ = {isa = PBXBuildFile; fileRef = 4061645A2BDADC2800021275 /* GridItemModel.swift */; };
		4061645D2BDADC4000021275 /* AssetsModel.swift in Sources */ = {isa = PBXBuildFile; fileRef = 4061645C2BDADC4000021275 /* AssetsModel.swift */; };
		4061645F2BDADC5200021275 /* APTModel.swift in Sources */ = {isa = PBXBuildFile; fileRef = 4061645E2BDADC5200021275 /* APTModel.swift */; };
		406164612BDADC7400021275 /* LevelGridForSwiftDataModel.swift in Sources */ = {isa = PBXBuildFile; fileRef = 406164602BDADC7400021275 /* LevelGridForSwiftDataModel.swift */; };
		406164642BDADCD900021275 /* ArrayFunction.swift in Sources */ = {isa = PBXBuildFile; fileRef = 406164632BDADCD900021275 /* ArrayFunction.swift */; };
		406164662BDADCEE00021275 /* ImageFunction.swift in Sources */ = {isa = PBXBuildFile; fileRef = 406164652BDADCEE00021275 /* ImageFunction.swift */; };
		406164682BDADD0800021275 /* StringFunction.swift in Sources */ = {isa = PBXBuildFile; fileRef = 406164672BDADD0800021275 /* StringFunction.swift */; };
		4061646A2BDADD1F00021275 /* JSONFunction.swift in Sources */ = {isa = PBXBuildFile; fileRef = 406164692BDADD1F00021275 /* JSONFunction.swift */; };
		4061646D2BDADD9000021275 /* DetailView.swift in Sources */ = {isa = PBXBuildFile; fileRef = 4061646C2BDADD9000021275 /* DetailView.swift */; };
		4061646F2BDADDAB00021275 /* CollisionsView.swift in Sources */ = {isa = PBXBuildFile; fileRef = 4061646E2BDADDAB00021275 /* CollisionsView.swift */; };
		406164722BDADE1500021275 /* FileManagerTesterView.swift in Sources */ = {isa = PBXBuildFile; fileRef = 406164712BDADE1500021275 /* FileManagerTesterView.swift */; };
		406164752BDADE4000021275 /* AssetsDataModel.swift in Sources */ = {isa = PBXBuildFile; fileRef = 406164742BDADE4000021275 /* AssetsDataModel.swift */; };
		406164772BDADE5200021275 /* DataController.swift in Sources */ = {isa = PBXBuildFile; fileRef = 406164762BDADE5200021275 /* DataController.swift */; };
		4061647A2BDADEB000021275 /* animal_bird_duck_quack_003.mp3 in Resources */ = {isa = PBXBuildFile; fileRef = 406164792BDADEB000021275 /* animal_bird_duck_quack_003.mp3 */; };
		4061647C2BDADEB600021275 /* animal_bird_duck_quack_001.mp3 in Resources */ = {isa = PBXBuildFile; fileRef = 4061647B2BDADEB600021275 /* animal_bird_duck_quack_001.mp3 */; };
		4061647E2BDADFAF00021275 /* PlaygroundView.swift in Sources */ = {isa = PBXBuildFile; fileRef = 4061647D2BDADFAF00021275 /* PlaygroundView.swift */; };
		40BB3D892BDE69CC00F64E21 /* AssetsTypeModel.swift in Sources */ = {isa = PBXBuildFile; fileRef = 40BB3D882BDE69CC00F64E21 /* AssetsTypeModel.swift */; };
		40C319482BDB9A5100EF6DDC /* FileMonitor.swift in Sources */ = {isa = PBXBuildFile; fileRef = 40C319472BDB9A5100EF6DDC /* FileMonitor.swift */; };
		40C3194A2BDB9AD800EF6DDC /* FileMonitorTestView.swift in Sources */ = {isa = PBXBuildFile; fileRef = 40C319492BDB9AD800EF6DDC /* FileMonitorTestView.swift */; };
/* End PBXBuildFile section */

/* Begin PBXFileReference section */
		4061642E2BDAD9DB00021275 /* P-L-Level-Editor.app */ = {isa = PBXFileReference; explicitFileType = wrapper.application; includeInIndex = 0; path = "P-L-Level-Editor.app"; sourceTree = BUILT_PRODUCTS_DIR; };
		406164312BDAD9DB00021275 /* P_L_Level_EditorApp.swift */ = {isa = PBXFileReference; lastKnownFileType = sourcecode.swift; path = P_L_Level_EditorApp.swift; sourceTree = "<group>"; };
		406164332BDAD9DB00021275 /* ContentView.swift */ = {isa = PBXFileReference; lastKnownFileType = sourcecode.swift; path = ContentView.swift; sourceTree = "<group>"; };
		406164352BDAD9DB00021275 /* Item.swift */ = {isa = PBXFileReference; lastKnownFileType = sourcecode.swift; path = Item.swift; sourceTree = "<group>"; };
		406164372BDAD9DE00021275 /* Assets.xcassets */ = {isa = PBXFileReference; lastKnownFileType = folder.assetcatalog; path = Assets.xcassets; sourceTree = "<group>"; };
		4061643A2BDAD9DE00021275 /* Preview Assets.xcassets */ = {isa = PBXFileReference; lastKnownFileType = folder.assetcatalog; path = "Preview Assets.xcassets"; sourceTree = "<group>"; };
		4061643C2BDAD9DE00021275 /* P_L_Level_Editor.entitlements */ = {isa = PBXFileReference; lastKnownFileType = text.plist.entitlements; path = P_L_Level_Editor.entitlements; sourceTree = "<group>"; };
		406164462BDADAEB00021275 /* LevelEditorView.swift */ = {isa = PBXFileReference; lastKnownFileType = sourcecode.swift; path = LevelEditorView.swift; sourceTree = "<group>"; };
		406164482BDADB0500021275 /* ArrowView.swift */ = {isa = PBXFileReference; lastKnownFileType = sourcecode.swift; path = ArrowView.swift; sourceTree = "<group>"; };
		4061644A2BDADB2000021275 /* NewLevelView.swift */ = {isa = PBXFileReference; lastKnownFileType = sourcecode.swift; path = NewLevelView.swift; sourceTree = "<group>"; };
		4061644C2BDADB3F00021275 /* EditLevelView.swift */ = {isa = PBXFileReference; lastKnownFileType = sourcecode.swift; path = EditLevelView.swift; sourceTree = "<group>"; };
		4061644E2BDADB5800021275 /* SoundEditorView.swift */ = {isa = PBXFileReference; lastKnownFileType = sourcecode.swift; path = SoundEditorView.swift; sourceTree = "<group>"; };
		406164502BDADB7300021275 /* SavedLevelsView.swift */ = {isa = PBXFileReference; lastKnownFileType = sourcecode.swift; path = SavedLevelsView.swift; sourceTree = "<group>"; };
		406164522BDADB8A00021275 /* AssetsCollectionView.swift */ = {isa = PBXFileReference; lastKnownFileType = sourcecode.swift; path = AssetsCollectionView.swift; sourceTree = "<group>"; };
		406164542BDADBA600021275 /* AssetsCollectionTypedView.swift */ = {isa = PBXFileReference; lastKnownFileType = sourcecode.swift; path = AssetsCollectionTypedView.swift; sourceTree = "<group>"; };
		406164562BDADBFD00021275 /* SavedLevelsModel.swift */ = {isa = PBXFileReference; lastKnownFileType = sourcecode.swift; path = SavedLevelsModel.swift; sourceTree = "<group>"; };
		406164582BDADC0900021275 /* GridModel.swift */ = {isa = PBXFileReference; lastKnownFileType = sourcecode.swift; path = GridModel.swift; sourceTree = "<group>"; };
		4061645A2BDADC2800021275 /* GridItemModel.swift */ = {isa = PBXFileReference; lastKnownFileType = sourcecode.swift; path = GridItemModel.swift; sourceTree = "<group>"; };
		4061645C2BDADC4000021275 /* AssetsModel.swift */ = {isa = PBXFileReference; lastKnownFileType = sourcecode.swift; path = AssetsModel.swift; sourceTree = "<group>"; };
		4061645E2BDADC5200021275 /* APTModel.swift */ = {isa = PBXFileReference; lastKnownFileType = sourcecode.swift; path = APTModel.swift; sourceTree = "<group>"; };
		406164602BDADC7400021275 /* LevelGridForSwiftDataModel.swift */ = {isa = PBXFileReference; lastKnownFileType = sourcecode.swift; path = LevelGridForSwiftDataModel.swift; sourceTree = "<group>"; };
		406164632BDADCD900021275 /* ArrayFunction.swift */ = {isa = PBXFileReference; lastKnownFileType = sourcecode.swift; path = ArrayFunction.swift; sourceTree = "<group>"; };
		406164652BDADCEE00021275 /* ImageFunction.swift */ = {isa = PBXFileReference; lastKnownFileType = sourcecode.swift; path = ImageFunction.swift; sourceTree = "<group>"; };
		406164672BDADD0800021275 /* StringFunction.swift */ = {isa = PBXFileReference; lastKnownFileType = sourcecode.swift; path = StringFunction.swift; sourceTree = "<group>"; };
		406164692BDADD1F00021275 /* JSONFunction.swift */ = {isa = PBXFileReference; lastKnownFileType = sourcecode.swift; path = JSONFunction.swift; sourceTree = "<group>"; };
		4061646C2BDADD9000021275 /* DetailView.swift */ = {isa = PBXFileReference; lastKnownFileType = sourcecode.swift; path = DetailView.swift; sourceTree = "<group>"; };
		4061646E2BDADDAB00021275 /* CollisionsView.swift */ = {isa = PBXFileReference; lastKnownFileType = sourcecode.swift; path = CollisionsView.swift; sourceTree = "<group>"; };
		406164712BDADE1500021275 /* FileManagerTesterView.swift */ = {isa = PBXFileReference; lastKnownFileType = sourcecode.swift; path = FileManagerTesterView.swift; sourceTree = "<group>"; };
		406164742BDADE4000021275 /* AssetsDataModel.swift */ = {isa = PBXFileReference; lastKnownFileType = sourcecode.swift; path = AssetsDataModel.swift; sourceTree = "<group>"; };
		406164762BDADE5200021275 /* DataController.swift */ = {isa = PBXFileReference; lastKnownFileType = sourcecode.swift; path = DataController.swift; sourceTree = "<group>"; };
		406164792BDADEB000021275 /* animal_bird_duck_quack_003.mp3 */ = {isa = PBXFileReference; lastKnownFileType = audio.mp3; path = animal_bird_duck_quack_003.mp3; sourceTree = "<group>"; };
		4061647B2BDADEB600021275 /* animal_bird_duck_quack_001.mp3 */ = {isa = PBXFileReference; lastKnownFileType = audio.mp3; path = animal_bird_duck_quack_001.mp3; sourceTree = "<group>"; };
		4061647D2BDADFAF00021275 /* PlaygroundView.swift */ = {isa = PBXFileReference; lastKnownFileType = sourcecode.swift; path = PlaygroundView.swift; sourceTree = "<group>"; };
		40BB3D882BDE69CC00F64E21 /* AssetsTypeModel.swift */ = {isa = PBXFileReference; lastKnownFileType = sourcecode.swift; path = AssetsTypeModel.swift; sourceTree = "<group>"; };
		40C319472BDB9A5100EF6DDC /* FileMonitor.swift */ = {isa = PBXFileReference; lastKnownFileType = sourcecode.swift; path = FileMonitor.swift; sourceTree = "<group>"; };
		40C319492BDB9AD800EF6DDC /* FileMonitorTestView.swift */ = {isa = PBXFileReference; lastKnownFileType = sourcecode.swift; path = FileMonitorTestView.swift; sourceTree = "<group>"; };
/* End PBXFileReference section */

/* Begin PBXFrameworksBuildPhase section */
		4061642B2BDAD9DB00021275 /* Frameworks */ = {
			isa = PBXFrameworksBuildPhase;
			buildActionMask = 2147483647;
			files = (
			);
			runOnlyForDeploymentPostprocessing = 0;
		};
/* End PBXFrameworksBuildPhase section */

/* Begin PBXGroup section */
		406164252BDAD9DB00021275 = {
			isa = PBXGroup;
			children = (
				406164302BDAD9DB00021275 /* P-L-Level-Editor */,
				4061642F2BDAD9DB00021275 /* Products */,
			);
			sourceTree = "<group>";
		};
		4061642F2BDAD9DB00021275 /* Products */ = {
			isa = PBXGroup;
			children = (
				4061642E2BDAD9DB00021275 /* P-L-Level-Editor.app */,
			);
			name = Products;
			sourceTree = "<group>";
		};
		406164302BDAD9DB00021275 /* P-L-Level-Editor */ = {
			isa = PBXGroup;
			children = (
				406164312BDAD9DB00021275 /* P_L_Level_EditorApp.swift */,
				406164442BDADAA000021275 /* Helpers */,
				406164422BDADA8D00021275 /* Views */,
				406164452BDADAA800021275 /* Models */,
				406164352BDAD9DB00021275 /* Item.swift */,
				406164372BDAD9DE00021275 /* Assets.xcassets */,
				4061643C2BDAD9DE00021275 /* P_L_Level_Editor.entitlements */,
				406164392BDAD9DE00021275 /* Preview Content */,
				406164782BDADEA100021275 /* Sound */,
			);
			path = "P-L-Level-Editor";
			sourceTree = "<group>";
		};
		406164392BDAD9DE00021275 /* Preview Content */ = {
			isa = PBXGroup;
			children = (
				4061643A2BDAD9DE00021275 /* Preview Assets.xcassets */,
			);
			path = "Preview Content";
			sourceTree = "<group>";
		};
		406164422BDADA8D00021275 /* Views */ = {
			isa = PBXGroup;
			children = (
				406164332BDAD9DB00021275 /* ContentView.swift */,
				406164462BDADAEB00021275 /* LevelEditorView.swift */,
				406164482BDADB0500021275 /* ArrowView.swift */,
				4061644A2BDADB2000021275 /* NewLevelView.swift */,
				4061644C2BDADB3F00021275 /* EditLevelView.swift */,
				4061644E2BDADB5800021275 /* SoundEditorView.swift */,
				406164502BDADB7300021275 /* SavedLevelsView.swift */,
				406164522BDADB8A00021275 /* AssetsCollectionView.swift */,
				406164542BDADBA600021275 /* AssetsCollectionTypedView.swift */,
			);
			path = Views;
			sourceTree = "<group>";
		};
		406164432BDADA9A00021275 /* Testers */ = {
			isa = PBXGroup;
			children = (
				406164712BDADE1500021275 /* FileManagerTesterView.swift */,
				40C319492BDB9AD800EF6DDC /* FileMonitorTestView.swift */,
			);
			path = Testers;
			sourceTree = "<group>";
		};
		406164442BDADAA000021275 /* Helpers */ = {
			isa = PBXGroup;
			children = (
				4061646B2BDADD8400021275 /* Views */,
				406164622BDADCC900021275 /* Functions */,
				406164432BDADA9A00021275 /* Testers */,
				4061647D2BDADFAF00021275 /* PlaygroundView.swift */,
				40C319472BDB9A5100EF6DDC /* FileMonitor.swift */,
			);
			path = Helpers;
			sourceTree = "<group>";
		};
		406164452BDADAA800021275 /* Models */ = {
			isa = PBXGroup;
			children = (
				406164732BDADE2A00021275 /* Data */,
				406164562BDADBFD00021275 /* SavedLevelsModel.swift */,
				406164582BDADC0900021275 /* GridModel.swift */,
				4061645A2BDADC2800021275 /* GridItemModel.swift */,
				4061645C2BDADC4000021275 /* AssetsModel.swift */,
				40BB3D882BDE69CC00F64E21 /* AssetsTypeModel.swift */,
				4061645E2BDADC5200021275 /* APTModel.swift */,
				406164602BDADC7400021275 /* LevelGridForSwiftDataModel.swift */,
			);
			path = Models;
			sourceTree = "<group>";
		};
		406164622BDADCC900021275 /* Functions */ = {
			isa = PBXGroup;
			children = (
				406164632BDADCD900021275 /* ArrayFunction.swift */,
				406164652BDADCEE00021275 /* ImageFunction.swift */,
				406164672BDADD0800021275 /* StringFunction.swift */,
				406164692BDADD1F00021275 /* JSONFunction.swift */,
			);
			path = Functions;
			sourceTree = "<group>";
		};
		4061646B2BDADD8400021275 /* Views */ = {
			isa = PBXGroup;
			children = (
				4061646C2BDADD9000021275 /* DetailView.swift */,
				4061646E2BDADDAB00021275 /* CollisionsView.swift */,
			);
			path = Views;
			sourceTree = "<group>";
		};
		406164732BDADE2A00021275 /* Data */ = {
			isa = PBXGroup;
			children = (
				406164742BDADE4000021275 /* AssetsDataModel.swift */,
				406164762BDADE5200021275 /* DataController.swift */,
			);
			path = Data;
			sourceTree = "<group>";
		};
		406164782BDADEA100021275 /* Sound */ = {
			isa = PBXGroup;
			children = (
				406164792BDADEB000021275 /* animal_bird_duck_quack_003.mp3 */,
				4061647B2BDADEB600021275 /* animal_bird_duck_quack_001.mp3 */,
			);
			path = Sound;
			sourceTree = "<group>";
		};
/* End PBXGroup section */

/* Begin PBXNativeTarget section */
		4061642D2BDAD9DB00021275 /* P-L-Level-Editor */ = {
			isa = PBXNativeTarget;
			buildConfigurationList = 4061643F2BDAD9DE00021275 /* Build configuration list for PBXNativeTarget "P-L-Level-Editor" */;
			buildPhases = (
				4061642A2BDAD9DB00021275 /* Sources */,
				4061642B2BDAD9DB00021275 /* Frameworks */,
				4061642C2BDAD9DB00021275 /* Resources */,
			);
			buildRules = (
			);
			dependencies = (
			);
			name = "P-L-Level-Editor";
			productName = "P-L-Level-Editor";
			productReference = 4061642E2BDAD9DB00021275 /* P-L-Level-Editor.app */;
			productType = "com.apple.product-type.application";
		};
/* End PBXNativeTarget section */

/* Begin PBXProject section */
		406164262BDAD9DB00021275 /* Project object */ = {
			isa = PBXProject;
			attributes = {
				BuildIndependentTargetsInParallel = 1;
				LastSwiftUpdateCheck = 1530;
				LastUpgradeCheck = 1530;
				TargetAttributes = {
					4061642D2BDAD9DB00021275 = {
						CreatedOnToolsVersion = 15.3;
					};
				};
			};
			buildConfigurationList = 406164292BDAD9DB00021275 /* Build configuration list for PBXProject "P-L-Level-Editor" */;
			compatibilityVersion = "Xcode 14.0";
			developmentRegion = en;
			hasScannedForEncodings = 0;
			knownRegions = (
				en,
				Base,
			);
			mainGroup = 406164252BDAD9DB00021275;
			productRefGroup = 4061642F2BDAD9DB00021275 /* Products */;
			projectDirPath = "";
			projectRoot = "";
			targets = (
				4061642D2BDAD9DB00021275 /* P-L-Level-Editor */,
			);
		};
/* End PBXProject section */

/* Begin PBXResourcesBuildPhase section */
		4061642C2BDAD9DB00021275 /* Resources */ = {
			isa = PBXResourcesBuildPhase;
			buildActionMask = 2147483647;
			files = (
				4061647C2BDADEB600021275 /* animal_bird_duck_quack_001.mp3 in Resources */,
				4061647A2BDADEB000021275 /* animal_bird_duck_quack_003.mp3 in Resources */,
				4061643B2BDAD9DE00021275 /* Preview Assets.xcassets in Resources */,
				406164382BDAD9DE00021275 /* Assets.xcassets in Resources */,
			);
			runOnlyForDeploymentPostprocessing = 0;
		};
/* End PBXResourcesBuildPhase section */

/* Begin PBXSourcesBuildPhase section */
		4061642A2BDAD9DB00021275 /* Sources */ = {
			isa = PBXSourcesBuildPhase;
			buildActionMask = 2147483647;
			files = (
				4061645D2BDADC4000021275 /* AssetsModel.swift in Sources */,
				406164662BDADCEE00021275 /* ImageFunction.swift in Sources */,
				406164642BDADCD900021275 /* ArrayFunction.swift in Sources */,
				406164592BDADC0900021275 /* GridModel.swift in Sources */,
				4061644B2BDADB2000021275 /* NewLevelView.swift in Sources */,
				4061646D2BDADD9000021275 /* DetailView.swift in Sources */,
				4061646F2BDADDAB00021275 /* CollisionsView.swift in Sources */,
				406164342BDAD9DB00021275 /* ContentView.swift in Sources */,
				406164552BDADBA600021275 /* AssetsCollectionTypedView.swift in Sources */,
				4061645B2BDADC2800021275 /* GridItemModel.swift in Sources */,
				4061644D2BDADB3F00021275 /* EditLevelView.swift in Sources */,
				406164772BDADE5200021275 /* DataController.swift in Sources */,
				406164722BDADE1500021275 /* FileManagerTesterView.swift in Sources */,
				406164572BDADBFD00021275 /* SavedLevelsModel.swift in Sources */,
				406164612BDADC7400021275 /* LevelGridForSwiftDataModel.swift in Sources */,
				4061644F2BDADB5800021275 /* SoundEditorView.swift in Sources */,
				40C319482BDB9A5100EF6DDC /* FileMonitor.swift in Sources */,
				4061646A2BDADD1F00021275 /* JSONFunction.swift in Sources */,
				40BB3D892BDE69CC00F64E21 /* AssetsTypeModel.swift in Sources */,
				406164682BDADD0800021275 /* StringFunction.swift in Sources */,
				406164752BDADE4000021275 /* AssetsDataModel.swift in Sources */,
				40C3194A2BDB9AD800EF6DDC /* FileMonitorTestView.swift in Sources */,
				406164362BDAD9DB00021275 /* Item.swift in Sources */,
				406164532BDADB8A00021275 /* AssetsCollectionView.swift in Sources */,
				406164512BDADB7300021275 /* SavedLevelsView.swift in Sources */,
				4061647E2BDADFAF00021275 /* PlaygroundView.swift in Sources */,
				406164492BDADB0500021275 /* ArrowView.swift in Sources */,
				406164472BDADAEB00021275 /* LevelEditorView.swift in Sources */,
				406164322BDAD9DB00021275 /* P_L_Level_EditorApp.swift in Sources */,
				4061645F2BDADC5200021275 /* APTModel.swift in Sources */,
			);
			runOnlyForDeploymentPostprocessing = 0;
		};
/* End PBXSourcesBuildPhase section */

/* Begin XCBuildConfiguration section */
		4061643D2BDAD9DE00021275 /* Debug */ = {
			isa = XCBuildConfiguration;
			buildSettings = {
				ALWAYS_SEARCH_USER_PATHS = NO;
				ASSETCATALOG_COMPILER_GENERATE_SWIFT_ASSET_SYMBOL_EXTENSIONS = YES;
				CLANG_ANALYZER_NONNULL = YES;
				CLANG_ANALYZER_NUMBER_OBJECT_CONVERSION = YES_AGGRESSIVE;
				CLANG_CXX_LANGUAGE_STANDARD = "gnu++20";
				CLANG_ENABLE_MODULES = YES;
				CLANG_ENABLE_OBJC_ARC = YES;
				CLANG_ENABLE_OBJC_WEAK = YES;
				CLANG_WARN_BLOCK_CAPTURE_AUTORELEASING = YES;
				CLANG_WARN_BOOL_CONVERSION = YES;
				CLANG_WARN_COMMA = YES;
				CLANG_WARN_CONSTANT_CONVERSION = YES;
				CLANG_WARN_DEPRECATED_OBJC_IMPLEMENTATIONS = YES;
				CLANG_WARN_DIRECT_OBJC_ISA_USAGE = YES_ERROR;
				CLANG_WARN_DOCUMENTATION_COMMENTS = YES;
				CLANG_WARN_EMPTY_BODY = YES;
				CLANG_WARN_ENUM_CONVERSION = YES;
				CLANG_WARN_INFINITE_RECURSION = YES;
				CLANG_WARN_INT_CONVERSION = YES;
				CLANG_WARN_NON_LITERAL_NULL_CONVERSION = YES;
				CLANG_WARN_OBJC_IMPLICIT_RETAIN_SELF = YES;
				CLANG_WARN_OBJC_LITERAL_CONVERSION = YES;
				CLANG_WARN_OBJC_ROOT_CLASS = YES_ERROR;
				CLANG_WARN_QUOTED_INCLUDE_IN_FRAMEWORK_HEADER = YES;
				CLANG_WARN_RANGE_LOOP_ANALYSIS = YES;
				CLANG_WARN_STRICT_PROTOTYPES = YES;
				CLANG_WARN_SUSPICIOUS_MOVE = YES;
				CLANG_WARN_UNGUARDED_AVAILABILITY = YES_AGGRESSIVE;
				CLANG_WARN_UNREACHABLE_CODE = YES;
				CLANG_WARN__DUPLICATE_METHOD_MATCH = YES;
				COPY_PHASE_STRIP = NO;
				DEBUG_INFORMATION_FORMAT = dwarf;
				ENABLE_STRICT_OBJC_MSGSEND = YES;
				ENABLE_TESTABILITY = YES;
				ENABLE_USER_SCRIPT_SANDBOXING = YES;
				GCC_C_LANGUAGE_STANDARD = gnu17;
				GCC_DYNAMIC_NO_PIC = NO;
				GCC_NO_COMMON_BLOCKS = YES;
				GCC_OPTIMIZATION_LEVEL = 0;
				GCC_PREPROCESSOR_DEFINITIONS = (
					"DEBUG=1",
					"$(inherited)",
				);
				GCC_WARN_64_TO_32_BIT_CONVERSION = YES;
				GCC_WARN_ABOUT_RETURN_TYPE = YES_ERROR;
				GCC_WARN_UNDECLARED_SELECTOR = YES;
				GCC_WARN_UNINITIALIZED_AUTOS = YES_AGGRESSIVE;
				GCC_WARN_UNUSED_FUNCTION = YES;
				GCC_WARN_UNUSED_VARIABLE = YES;
				LOCALIZATION_PREFERS_STRING_CATALOGS = YES;
				MACOSX_DEPLOYMENT_TARGET = 14.4;
				MTL_ENABLE_DEBUG_INFO = INCLUDE_SOURCE;
				MTL_FAST_MATH = YES;
				ONLY_ACTIVE_ARCH = YES;
				SDKROOT = macosx;
				SWIFT_ACTIVE_COMPILATION_CONDITIONS = "DEBUG $(inherited)";
				SWIFT_OPTIMIZATION_LEVEL = "-Onone";
			};
			name = Debug;
		};
		4061643E2BDAD9DE00021275 /* Release */ = {
			isa = XCBuildConfiguration;
			buildSettings = {
				ALWAYS_SEARCH_USER_PATHS = NO;
				ASSETCATALOG_COMPILER_GENERATE_SWIFT_ASSET_SYMBOL_EXTENSIONS = YES;
				CLANG_ANALYZER_NONNULL = YES;
				CLANG_ANALYZER_NUMBER_OBJECT_CONVERSION = YES_AGGRESSIVE;
				CLANG_CXX_LANGUAGE_STANDARD = "gnu++20";
				CLANG_ENABLE_MODULES = YES;
				CLANG_ENABLE_OBJC_ARC = YES;
				CLANG_ENABLE_OBJC_WEAK = YES;
				CLANG_WARN_BLOCK_CAPTURE_AUTORELEASING = YES;
				CLANG_WARN_BOOL_CONVERSION = YES;
				CLANG_WARN_COMMA = YES;
				CLANG_WARN_CONSTANT_CONVERSION = YES;
				CLANG_WARN_DEPRECATED_OBJC_IMPLEMENTATIONS = YES;
				CLANG_WARN_DIRECT_OBJC_ISA_USAGE = YES_ERROR;
				CLANG_WARN_DOCUMENTATION_COMMENTS = YES;
				CLANG_WARN_EMPTY_BODY = YES;
				CLANG_WARN_ENUM_CONVERSION = YES;
				CLANG_WARN_INFINITE_RECURSION = YES;
				CLANG_WARN_INT_CONVERSION = YES;
				CLANG_WARN_NON_LITERAL_NULL_CONVERSION = YES;
				CLANG_WARN_OBJC_IMPLICIT_RETAIN_SELF = YES;
				CLANG_WARN_OBJC_LITERAL_CONVERSION = YES;
				CLANG_WARN_OBJC_ROOT_CLASS = YES_ERROR;
				CLANG_WARN_QUOTED_INCLUDE_IN_FRAMEWORK_HEADER = YES;
				CLANG_WARN_RANGE_LOOP_ANALYSIS = YES;
				CLANG_WARN_STRICT_PROTOTYPES = YES;
				CLANG_WARN_SUSPICIOUS_MOVE = YES;
				CLANG_WARN_UNGUARDED_AVAILABILITY = YES_AGGRESSIVE;
				CLANG_WARN_UNREACHABLE_CODE = YES;
				CLANG_WARN__DUPLICATE_METHOD_MATCH = YES;
				COPY_PHASE_STRIP = NO;
				DEBUG_INFORMATION_FORMAT = "dwarf-with-dsym";
				ENABLE_NS_ASSERTIONS = NO;
				ENABLE_STRICT_OBJC_MSGSEND = YES;
				ENABLE_USER_SCRIPT_SANDBOXING = YES;
				GCC_C_LANGUAGE_STANDARD = gnu17;
				GCC_NO_COMMON_BLOCKS = YES;
				GCC_WARN_64_TO_32_BIT_CONVERSION = YES;
				GCC_WARN_ABOUT_RETURN_TYPE = YES_ERROR;
				GCC_WARN_UNDECLARED_SELECTOR = YES;
				GCC_WARN_UNINITIALIZED_AUTOS = YES_AGGRESSIVE;
				GCC_WARN_UNUSED_FUNCTION = YES;
				GCC_WARN_UNUSED_VARIABLE = YES;
				LOCALIZATION_PREFERS_STRING_CATALOGS = YES;
				MACOSX_DEPLOYMENT_TARGET = 14.4;
				MTL_ENABLE_DEBUG_INFO = NO;
				MTL_FAST_MATH = YES;
				SDKROOT = macosx;
				SWIFT_COMPILATION_MODE = wholemodule;
			};
			name = Release;
		};
		406164402BDAD9DE00021275 /* Debug */ = {
			isa = XCBuildConfiguration;
			buildSettings = {
				ASSETCATALOG_COMPILER_APPICON_NAME = AppIcon;
				ASSETCATALOG_COMPILER_GLOBAL_ACCENT_COLOR_NAME = AccentColor;
				CODE_SIGN_ENTITLEMENTS = "P-L-Level-Editor/P_L_Level_Editor.entitlements";
				CODE_SIGN_STYLE = Automatic;
				COMBINE_HIDPI_IMAGES = YES;
				CURRENT_PROJECT_VERSION = 1;
				DEVELOPMENT_ASSET_PATHS = "\"P-L-Level-Editor/Preview Content\"";
				DEVELOPMENT_TEAM = PMVF88KT9V;
				ENABLE_HARDENED_RUNTIME = YES;
				ENABLE_PREVIEWS = YES;
				GENERATE_INFOPLIST_FILE = YES;
				INFOPLIST_KEY_NSHumanReadableCopyright = "";
				LD_RUNPATH_SEARCH_PATHS = (
					"$(inherited)",
					"@executable_path/../Frameworks",
				);
				MACOSX_DEPLOYMENT_TARGET = 14.0;
				MARKETING_VERSION = 1.0;
				PRODUCT_BUNDLE_IDENTIFIER = "com.ed.P-L-Level-Editor";
				PRODUCT_NAME = "$(TARGET_NAME)";
				SWIFT_EMIT_LOC_STRINGS = YES;
				SWIFT_VERSION = 5.0;
			};
			name = Debug;
		};
		406164412BDAD9DE00021275 /* Release */ = {
			isa = XCBuildConfiguration;
			buildSettings = {
				ASSETCATALOG_COMPILER_APPICON_NAME = AppIcon;
				ASSETCATALOG_COMPILER_GLOBAL_ACCENT_COLOR_NAME = AccentColor;
				CODE_SIGN_ENTITLEMENTS = "P-L-Level-Editor/P_L_Level_Editor.entitlements";
				CODE_SIGN_STYLE = Automatic;
				COMBINE_HIDPI_IMAGES = YES;
				CURRENT_PROJECT_VERSION = 1;
				DEVELOPMENT_ASSET_PATHS = "\"P-L-Level-Editor/Preview Content\"";
				DEVELOPMENT_TEAM = PMVF88KT9V;
				ENABLE_HARDENED_RUNTIME = YES;
				ENABLE_PREVIEWS = YES;
				GENERATE_INFOPLIST_FILE = YES;
				INFOPLIST_KEY_NSHumanReadableCopyright = "";
				LD_RUNPATH_SEARCH_PATHS = (
					"$(inherited)",
					"@executable_path/../Frameworks",
				);
				MACOSX_DEPLOYMENT_TARGET = 14.0;
				MARKETING_VERSION = 1.0;
				PRODUCT_BUNDLE_IDENTIFIER = "com.ed.P-L-Level-Editor";
				PRODUCT_NAME = "$(TARGET_NAME)";
				SWIFT_EMIT_LOC_STRINGS = YES;
				SWIFT_VERSION = 5.0;
			};
			name = Release;
		};
/* End XCBuildConfiguration section */

/* Begin XCConfigurationList section */
		406164292BDAD9DB00021275 /* Build configuration list for PBXProject "P-L-Level-Editor" */ = {
			isa = XCConfigurationList;
			buildConfigurations = (
				4061643D2BDAD9DE00021275 /* Debug */,
				4061643E2BDAD9DE00021275 /* Release */,
			);
			defaultConfigurationIsVisible = 0;
			defaultConfigurationName = Release;
		};
		4061643F2BDAD9DE00021275 /* Build configuration list for PBXNativeTarget "P-L-Level-Editor" */ = {
			isa = XCConfigurationList;
			buildConfigurations = (
				406164402BDAD9DE00021275 /* Debug */,
				406164412BDAD9DE00021275 /* Release */,
			);
			defaultConfigurationIsVisible = 0;
			defaultConfigurationName = Release;
		};
/* End XCConfigurationList section */
	};
	rootObject = 406164262BDAD9DB00021275 /* Project object */;
}
